
Microsoft Visual Studio Solution File, Format Version 12.00
# Visual Studio Version 16
VisualStudioVersion = 16.0.31424.327
MinimumVisualStudioVersion = 10.0.40219.1
Project("{FAE04EC0-301F-11D3-BF4B-00C04F79EFBC}") = "WindowsFormsApp1", "WindowsFormsApp1\WindowsFormsApp1.csproj", "{96B84117-7488-4CEB-B400-71EAB4B845DA}"
EndProject
Project("{2150E333-8FDC-42A3-9474-1A3956D46DE8}") = "Entities", "Entities", "{8E373293-56C4-4303-9BB2-FC6D00A0BA89}"
	ProjectSection(SolutionItems) = preProject
		PortfolioItem.cs = PortfolioItem.cs
	EndProjectSection
EndProject
Global
	GlobalSection(SolutionConfigurationPlatforms) = preSolution
		Debug|Any CPU = Debug|Any CPU
		Release|Any CPU = Release|Any CPU
	EndGlobalSection
	GlobalSection(ProjectConfigurationPlatforms) = postSolution
		{96B84117-7488-4CEB-B400-71EAB4B845DA}.Debug|Any CPU.ActiveCfg = Debug|Any CPU
		{96B84117-7488-4CEB-B400-71EAB4B845DA}.Debug|Any CPU.Build.0 = Debug|Any CPU
		{96B84117-7488-4CEB-B400-71EAB4B845DA}.Release|Any CPU.ActiveCfg = Release|Any CPU
		{96B84117-7488-4CEB-B400-71EAB4B845DA}.Release|Any CPU.Build.0 = Release|Any CPU
	EndGlobalSection
	GlobalSection(SolutionProperties) = preSolution
		HideSolutionNode = FALSE
	EndGlobalSection
	GlobalSection(ExtensibilityGlobals) = postSolution
		SolutionGuid = {607F2052-5854-4129-902D-E8C12B1ED94F}
	EndGlobalSection
EndGlobal
