
Microsoft Visual Studio Solution File, Format Version 12.00
# Visual Studio Version 16
VisualStudioVersion = 16.0.31702.278
MinimumVisualStudioVersion = 10.0.40219.1
Project("{FAE04EC0-301F-11D3-BF4B-00C04F79EFBC}") = "UM", "UM\UM.csproj", "{1E0AD506-91C3-4B47-8795-6B3AD63B8B81}"
EndProject
Project("{2150E333-8FDC-42A3-9474-1A3956D46DE8}") = "Entities", "Entities", "{8771C240-2262-4367-AC98-4AF9B43B5F56}"
	ProjectSection(SolutionItems) = preProject
		User.cs = User.cs
	EndProjectSection
EndProject
Global
	GlobalSection(SolutionConfigurationPlatforms) = preSolution
		Debug|Any CPU = Debug|Any CPU
		Release|Any CPU = Release|Any CPU
	EndGlobalSection
	GlobalSection(ProjectConfigurationPlatforms) = postSolution
		{1E0AD506-91C3-4B47-8795-6B3AD63B8B81}.Debug|Any CPU.ActiveCfg = Debug|Any CPU
		{1E0AD506-91C3-4B47-8795-6B3AD63B8B81}.Debug|Any CPU.Build.0 = Debug|Any CPU
		{1E0AD506-91C3-4B47-8795-6B3AD63B8B81}.Release|Any CPU.ActiveCfg = Release|Any CPU
		{1E0AD506-91C3-4B47-8795-6B3AD63B8B81}.Release|Any CPU.Build.0 = Release|Any CPU
	EndGlobalSection
	GlobalSection(SolutionProperties) = preSolution
		HideSolutionNode = FALSE
	EndGlobalSection
	GlobalSection(ExtensibilityGlobals) = postSolution
		SolutionGuid = {01DD75F7-2EF5-462D-8838-B3B74E073C9A}
	EndGlobalSection
EndGlobal
